// !$*UTF8*$!
{
	archiveVersion = 1;
	classes = {
	};
	objectVersion = 46;
	objects = {

/* Begin PBXBuildFile section */
		DABA04CA1CE3A9DB00309CE9 /* AppDelegate.swift in Sources */ = {isa = PBXBuildFile; fileRef = DABA04C91CE3A9DB00309CE9 /* AppDelegate.swift */; };
		DABA04CC1CE3A9DB00309CE9 /* ViewController.swift in Sources */ = {isa = PBXBuildFile; fileRef = DABA04CB1CE3A9DB00309CE9 /* ViewController.swift */; };
		DABA04CF1CE3A9DB00309CE9 /* Main.storyboard in Resources */ = {isa = PBXBuildFile; fileRef = DABA04CD1CE3A9DB00309CE9 /* Main.storyboard */; };
		DABA04D11CE3A9DB00309CE9 /* Assets.xcassets in Resources */ = {isa = PBXBuildFile; fileRef = DABA04D01CE3A9DB00309CE9 /* Assets.xcassets */; };
		DABA04D41CE3A9DB00309CE9 /* LaunchScreen.storyboard in Resources */ = {isa = PBXBuildFile; fileRef = DABA04D21CE3A9DB00309CE9 /* LaunchScreen.storyboard */; };
/* End PBXBuildFile section */

/* Begin PBXFileReference section */
		DABA04C61CE3A9DB00309CE9 /* TrackingApp.app */ = {isa = PBXFileReference; explicitFileType = wrapper.application; includeInIndex = 0; path = TrackingApp.app; sourceTree = BUILT_PRODUCTS_DIR; };
		DABA04C91CE3A9DB00309CE9 /* AppDelegate.swift */ = {isa = PBXFileReference; lastKnownFileType = sourcecode.swift; path = AppDelegate.swift; sourceTree = "<group>"; };
		DABA04CB1CE3A9DB00309CE9 /* ViewController.swift */ = {isa = PBXFileReference; lastKnownFileType = sourcecode.swift; path = ViewController.swift; sourceTree = "<group>"; };
		DABA04CE1CE3A9DB00309CE9 /* Base */ = {isa = PBXFileReference; lastKnownFileType = file.storyboard; name = Base; path = Base.lproj/Main.storyboard; sourceTree = "<group>"; };
		DABA04D01CE3A9DB00309CE9 /* Assets.xcassets */ = {isa = PBXFileReference; lastKnownFileType = folder.assetcatalog; path = Assets.xcassets; sourceTree = "<group>"; };
		DABA04D31CE3A9DB00309CE9 /* Base */ = {isa = PBXFileReference; lastKnownFileType = file.storyboard; name = Base; path = Base.lproj/LaunchScreen.storyboard; sourceTree = "<group>"; };
		DABA04D51CE3A9DB00309CE9 /* Info.plist */ = {isa = PBXFileReference; lastKnownFileType = text.plist.xml; path = Info.plist; sourceTree = "<group>"; };
/* End PBXFileReference section */

/* Begin PBXFrameworksBuildPhase section */
		DABA04C31CE3A9DB00309CE9 /* Frameworks */ = {
			isa = PBXFrameworksBuildPhase;
			buildActionMask = 2147483647;
			files = (
			);
			runOnlyForDeploymentPostprocessing = 0;
		};
/* End PBXFrameworksBuildPhase section */

/* Begin PBXGroup section */
		DABA04BD1CE3A9DB00309CE9 = {
			isa = PBXGroup;
			children = (
				DABA04C81CE3A9DB00309CE9 /* TrackingApp */,
				DABA04C71CE3A9DB00309CE9 /* Products */,
			);
			sourceTree = "<group>";
		};
		DABA04C71CE3A9DB00309CE9 /* Products */ = {
			isa = PBXGroup;
			children = (
				DABA04C61CE3A9DB00309CE9 /* TrackingApp.app */,
			);
			name = Products;
			sourceTree = "<group>";
		};
		DABA04C81CE3A9DB00309CE9 /* TrackingApp */ = {
			isa = PBXGroup;
			children = (
				DABA04C91CE3A9DB00309CE9 /* AppDelegate.swift */,
				DABA04CB1CE3A9DB00309CE9 /* ViewController.swift */,
				DABA04CD1CE3A9DB00309CE9 /* Main.storyboard */,
				DABA04D01CE3A9DB00309CE9 /* Assets.xcassets */,
				DABA04D21CE3A9DB00309CE9 /* LaunchScreen.storyboard */,
				DABA04D51CE3A9DB00309CE9 /* Info.plist */,
			);
			path = TrackingApp;
			sourceTree = "<group>";
		};
/* End PBXGroup section */

/* Begin PBXNativeTarget section */
		DABA04C51CE3A9DB00309CE9 /* TrackingApp */ = {
			isa = PBXNativeTarget;
			buildConfigurationList = DABA04D81CE3A9DB00309CE9 /* Build configuration list for PBXNativeTarget "TrackingApp" */;
			buildPhases = (
				DABA04C21CE3A9DB00309CE9 /* Sources */,
				DABA04C31CE3A9DB00309CE9 /* Frameworks */,
				DABA04C41CE3A9DB00309CE9 /* Resources */,
			);
			buildRules = (
			);
			dependencies = (
			);
			name = TrackingApp;
			productName = TrackingApp;
			productReference = DABA04C61CE3A9DB00309CE9 /* TrackingApp.app */;
			productType = "com.apple.product-type.application";
		};
/* End PBXNativeTarget section */

/* Begin PBXProject section */
		DABA04BE1CE3A9DB00309CE9 /* Project object */ = {
			isa = PBXProject;
			attributes = {
				LastSwiftUpdateCheck = 0730;
				LastUpgradeCheck = 0730;
				ORGANIZATIONNAME = "Mikel Aguirre";
				TargetAttributes = {
					DABA04C51CE3A9DB00309CE9 = {
						CreatedOnToolsVersion = 7.3.1;
					};
				};
			};
			buildConfigurationList = DABA04C11CE3A9DB00309CE9 /* Build configuration list for PBXProject "TrackingApp" */;
			compatibilityVersion = "Xcode 3.2";
			developmentRegion = English;
			hasScannedForEncodings = 0;
			knownRegions = (
				en,
				Base,
			);
			mainGroup = DABA04BD1CE3A9DB00309CE9;
			productRefGroup = DABA04C71CE3A9DB00309CE9 /* Products */;
			projectDirPath = "";
			projectRoot = "";
			targets = (
				DABA04C51CE3A9DB00309CE9 /* TrackingApp */,
			);
		};
/* End PBXProject section */

/* Begin PBXResourcesBuildPhase section */
		DABA04C41CE3A9DB00309CE9 /* Resources */ = {
			isa = PBXResourcesBuildPhase;
			buildActionMask = 2147483647;
			files = (
				DABA04D41CE3A9DB00309CE9 /* LaunchScreen.storyboard in Resources */,
				DABA04D11CE3A9DB00309CE9 /* Assets.xcassets in Resources */,
				DABA04CF1CE3A9DB00309CE9 /* Main.storyboard in Resources */,
			);
			runOnlyForDeploymentPostprocessing = 0;
		};
/* End PBXResourcesBuildPhase section */

/* Begin PBXSourcesBuildPhase section */
		DABA04C21CE3A9DB00309CE9 /* Sources */ = {
			isa = PBXSourcesBuildPhase;
			buildActionMask = 2147483647;
			files = (
				DABA04CC1CE3A9DB00309CE9 /* ViewController.swift in Sources */,
				DABA04CA1CE3A9DB00309CE9 /* AppDelegate.swift in Sources */,
			);
			runOnlyForDeploymentPostprocessing = 0;
		};
/* End PBXSourcesBuildPhase section */

/* Begin PBXVariantGroup section */
		DABA04CD1CE3A9DB00309CE9 /* Main.storyboard */ = {
			isa = PBXVariantGroup;
			children = (
				DABA04CE1CE3A9DB00309CE9 /* Base */,
			);
			name = Main.storyboard;
			sourceTree = "<group>";
		};
		DABA04D21CE3A9DB00309CE9 /* LaunchScreen.storyboard */ = {
			isa = PBXVariantGroup;
			children = (
				DABA04D31CE3A9DB00309CE9 /* Base */,
			);
			name = LaunchScreen.storyboard;
			sourceTree = "<group>";
		};
/* End PBXVariantGroup section */

/* Begin XCBuildConfiguration section */
		DABA04D61CE3A9DB00309CE9 /* Debug */ = {
			isa = XCBuildConfiguration;
			buildSettings = {
				ALWAYS_SEARCH_USER_PATHS = NO;
				CLANG_ANALYZER_NONNULL = YES;
				CLANG_CXX_LANGUAGE_STANDARD = "gnu++0x";
				CLANG_CXX_LIBRARY = "libc++";
				CLANG_ENABLE_MODULES = YES;
				CLANG_ENABLE_OBJC_ARC = YES;
				CLANG_WARN_BOOL_CONVERSION = YES;
				CLANG_WARN_CONSTANT_CONVERSION = YES;
				CLANG_WARN_DIRECT_OBJC_ISA_USAGE = YES_ERROR;
				CLANG_WARN_EMPTY_BODY = YES;
				CLANG_WARN_ENUM_CONVERSION = YES;
				CLANG_WARN_INT_CONVERSION = YES;
				CLANG_WARN_OBJC_ROOT_CLASS = YES_ERROR;
				CLANG_WARN_UNREACHABLE_CODE = YES;
				CLANG_WARN__DUPLICATE_METHOD_MATCH = YES;
				"CODE_SIGN_IDENTITY[sdk=iphoneos*]" = "iPhone Developer";
				COPY_PHASE_STRIP = NO;
				DEBUG_INFORMATION_FORMAT = dwarf;
				ENABLE_STRICT_OBJC_MSGSEND = YES;
				ENABLE_TESTABILITY = YES;
				GCC_C_LANGUAGE_STANDARD = gnu99;
				GCC_DYNAMIC_NO_PIC = NO;
				GCC_NO_COMMON_BLOCKS = YES;
				GCC_OPTIMIZATION_LEVEL = 0;
				GCC_PREPROCESSOR_DEFINITIONS = (
					"DEBUG=1",
					"$(inherited)",
				);
				GCC_WARN_64_TO_32_BIT_CONVERSION = YES;
				GCC_WARN_ABOUT_RETURN_TYPE = YES_ERROR;
				GCC_WARN_UNDECLARED_SELECTOR = YES;
				GCC_WARN_UNINITIALIZED_AUTOS = YES_AGGRESSIVE;
				GCC_WARN_UNUSED_FUNCTION = YES;
				GCC_WARN_UNUSED_VARIABLE = YES;
				IPHONEOS_DEPLOYMENT_TARGET = 9.3;
				MTL_ENABLE_DEBUG_INFO = YES;
				ONLY_ACTIVE_ARCH = YES;
				SDKROOT = iphoneos;
				SWIFT_OPTIMIZATION_LEVEL = "-Onone";
			};
			name = Debug;
		};
		DABA04D71CE3A9DB00309CE9 /* Release */ = {
			isa = XCBuildConfiguration;
			buildSettings = {
				ALWAYS_SEARCH_USER_PATHS = NO;
				CLANG_ANALYZER_NONNULL = YES;
				CLANG_CXX_LANGUAGE_STANDARD = "gnu++0x";
				CLANG_CXX_LIBRARY = "libc++";
				CLANG_ENABLE_MODULES = YES;
				CLANG_ENABLE_OBJC_ARC = YES;
				CLANG_WARN_BOOL_CONVERSION = YES;
				CLANG_WARN_CONSTANT_CONVERSION = YES;
				CLANG_WARN_DIRECT_OBJC_ISA_USAGE = YES_ERROR;
				CLANG_WARN_EMPTY_BODY = YES;
				CLANG_WARN_ENUM_CONVERSION = YES;
				CLANG_WARN_INT_CONVERSION = YES;
				CLANG_WARN_OBJC_ROOT_CLASS = YES_ERROR;
				CLANG_WARN_UNREACHABLE_CODE = YES;
				CLANG_WARN__DUPLICATE_METHOD_MATCH = YES;
				"CODE_SIGN_IDENTITY[sdk=iphoneos*]" = "iPhone Developer";
				COPY_PHASE_STRIP = NO;
				DEBUG_INFORMATION_FORMAT = "dwarf-with-dsym";
				ENABLE_NS_ASSERTIONS = NO;
				ENABLE_STRICT_OBJC_MSGSEND = YES;
				GCC_C_LANGUAGE_STANDARD = gnu99;
				GCC_NO_COMMON_BLOCKS = YES;
				GCC_WARN_64_TO_32_BIT_CONVERSION = YES;
				GCC_WARN_ABOUT_RETURN_TYPE = YES_ERROR;
				GCC_WARN_UNDECLARED_SELECTOR = YES;
				GCC_WARN_UNINITIALIZED_AUTOS = YES_AGGRESSIVE;
				GCC_WARN_UNUSED_FUNCTION = YES;
				GCC_WARN_UNUSED_VARIABLE = YES;
				IPHONEOS_DEPLOYMENT_TARGET = 9.3;
				MTL_ENABLE_DEBUG_INFO = NO;
				SDKROOT = iphoneos;
				VALIDATE_PRODUCT = YES;
			};
			name = Release;
		};
		DABA04D91CE3A9DB00309CE9 /* Debug */ = {
			isa = XCBuildConfiguration;
			buildSettings = {
				ASSETCATALOG_COMPILER_APPICON_NAME = AppIcon;
				INFOPLIST_FILE = TrackingApp/Info.plist;
				LD_RUNPATH_SEARCH_PATHS = "$(inherited) @executable_path/Frameworks";
				PRODUCT_BUNDLE_IDENTIFIER = MAZ.TrackingApp;
				PRODUCT_NAME = "$(TARGET_NAME)";
			};
			name = Debug;
		};
		DABA04DA1CE3A9DB00309CE9 /* Release */ = {
			isa = XCBuildConfiguration;
			buildSettings = {
				ASSETCATALOG_COMPILER_APPICON_NAME = AppIcon;
				INFOPLIST_FILE = TrackingApp/Info.plist;
				LD_RUNPATH_SEARCH_PATHS = "$(inherited) @executable_path/Frameworks";
				PRODUCT_BUNDLE_IDENTIFIER = MAZ.TrackingApp;
				PRODUCT_NAME = "$(TARGET_NAME)";
			};
			name = Release;
		};
/* End XCBuildConfiguration section */

/* Begin XCConfigurationList section */
		DABA04C11CE3A9DB00309CE9 /* Build configuration list for PBXProject "TrackingApp" */ = {
			isa = XCConfigurationList;
			buildConfigurations = (
				DABA04D61CE3A9DB00309CE9 /* Debug */,
				DABA04D71CE3A9DB00309CE9 /* Release */,
			);
			defaultConfigurationIsVisible = 0;
			defaultConfigurationName = Release;
		};
		DABA04D81CE3A9DB00309CE9 /* Build configuration list for PBXNativeTarget "TrackingApp" */ = {
			isa = XCConfigurationList;
			buildConfigurations = (
				DABA04D91CE3A9DB00309CE9 /* Debug */,
				DABA04DA1CE3A9DB00309CE9 /* Release */,
			);
			defaultConfigurationIsVisible = 0;
		};
/* End XCConfigurationList section */
	};
	rootObject = DABA04BE1CE3A9DB00309CE9 /* Project object */;
}
